
Microsoft Visual Studio Solution File, Format Version 12.00
# Visual Studio Version 17
VisualStudioVersion = 17.5.33627.172
MinimumVisualStudioVersion = 10.0.40219.1
Project("{9A19103F-16F7-4668-BE54-9A1E7A4F7556}") = "TechChallenge2", "TechChallenge2\TechChallenge2.csproj", "{74588705-BBBA-47A0-B7CE-858B815FE141}"
EndProject
Project("{FAE04EC0-301F-11D3-BF4B-00C04F79EFBC}") = "TechChallenge2.Tests", "TechChallenge2.Tests\TechChallenge2.Tests.csproj", "{5CF871CB-800F-484F-A3AB-8DC30672C4CE}"
EndProject
Global
	GlobalSection(SolutionConfigurationPlatforms) = preSolution
		Debug|Any CPU = Debug|Any CPU
		Release|Any CPU = Release|Any CPU
	EndGlobalSection
	GlobalSection(ProjectConfigurationPlatforms) = postSolution
		{74588705-BBBA-47A0-B7CE-858B815FE141}.Debug|Any CPU.ActiveCfg = Debug|Any CPU
		{74588705-BBBA-47A0-B7CE-858B815FE141}.Debug|Any CPU.Build.0 = Debug|Any CPU
		{74588705-BBBA-47A0-B7CE-858B815FE141}.Release|Any CPU.ActiveCfg = Release|Any CPU
		{74588705-BBBA-47A0-B7CE-858B815FE141}.Release|Any CPU.Build.0 = Release|Any CPU
		{5CF871CB-800F-484F-A3AB-8DC30672C4CE}.Debug|Any CPU.ActiveCfg = Debug|Any CPU
		{5CF871CB-800F-484F-A3AB-8DC30672C4CE}.Debug|Any CPU.Build.0 = Debug|Any CPU
		{5CF871CB-800F-484F-A3AB-8DC30672C4CE}.Release|Any CPU.ActiveCfg = Release|Any CPU
		{5CF871CB-800F-484F-A3AB-8DC30672C4CE}.Release|Any CPU.Build.0 = Release|Any CPU
	EndGlobalSection
	GlobalSection(SolutionProperties) = preSolution
		HideSolutionNode = FALSE
	EndGlobalSection
	GlobalSection(ExtensibilityGlobals) = postSolution
		SolutionGuid = {D8890374-7994-422A-BC88-867215B019E6}
	EndGlobalSection
EndGlobal
